
Microsoft Visual Studio Solution File, Format Version 12.00
# Visual Studio Version 17
VisualStudioVersion = 17.5.33502.453
MinimumVisualStudioVersion = 10.0.40219.1
Project("{FAE04EC0-301F-11D3-BF4B-00C04F79EFBC}") = "connection_DB_API_app", "connection_DB_API_app\connection_DB_API_app.csproj", "{1A382752-EB55-4599-8549-C64D144D0917}"
EndProject
Global
	GlobalSection(SolutionConfigurationPlatforms) = preSolution
		Debug|Any CPU = Debug|Any CPU
		Release|Any CPU = Release|Any CPU
	EndGlobalSection
	GlobalSection(ProjectConfigurationPlatforms) = postSolution
		{1A382752-EB55-4599-8549-C64D144D0917}.Debug|Any CPU.ActiveCfg = Debug|Any CPU
		{1A382752-EB55-4599-8549-C64D144D0917}.Debug|Any CPU.Build.0 = Debug|Any CPU
		{1A382752-EB55-4599-8549-C64D144D0917}.Release|Any CPU.ActiveCfg = Release|Any CPU
		{1A382752-EB55-4599-8549-C64D144D0917}.Release|Any CPU.Build.0 = Release|Any CPU
	EndGlobalSection
	GlobalSection(SolutionProperties) = preSolution
		HideSolutionNode = FALSE
	EndGlobalSection
	GlobalSection(ExtensibilityGlobals) = postSolution
		SolutionGuid = {FF441D1D-44B6-4C32-82D4-6DB9799F326A}
	EndGlobalSection
EndGlobal
